// !$*UTF8*$!
{
	archiveVersion = 1;
	classes = {
	};
	objectVersion = 46;
	objects = {

/* Begin PBXBuildFile section */
		889BF857146911910082640F /* Cocoa.framework in Frameworks */ = {isa = PBXBuildFile; fileRef = 889BF856146911910082640F /* Cocoa.framework */; };
		889BF861146911910082640F /* InfoPlist.strings in Resources */ = {isa = PBXBuildFile; fileRef = 889BF85F146911910082640F /* InfoPlist.strings */; };
		889BF863146911910082640F /* main.m in Sources */ = {isa = PBXBuildFile; fileRef = 889BF862146911910082640F /* main.m */; };
		889BF867146911910082640F /* Credits.rtf in Resources */ = {isa = PBXBuildFile; fileRef = 889BF865146911910082640F /* Credits.rtf */; };
		889BF86A146911910082640F /* RVAppDelegate.m in Sources */ = {isa = PBXBuildFile; fileRef = 889BF869146911910082640F /* RVAppDelegate.m */; };
		889BF86D146911910082640F /* MainMenu.xib in Resources */ = {isa = PBXBuildFile; fileRef = 889BF86B146911910082640F /* MainMenu.xib */; };
		889BF870146911910082640F /* rvot_app3.xcdatamodeld in Sources */ = {isa = PBXBuildFile; fileRef = 889BF86E146911910082640F /* rvot_app3.xcdatamodeld */; };
/* End PBXBuildFile section */

/* Begin PBXFileReference section */
		889BF852146911910082640F /* rvot-app3.app */ = {isa = PBXFileReference; explicitFileType = wrapper.application; includeInIndex = 0; path = "rvot-app3.app"; sourceTree = BUILT_PRODUCTS_DIR; };
		889BF856146911910082640F /* Cocoa.framework */ = {isa = PBXFileReference; lastKnownFileType = wrapper.framework; name = Cocoa.framework; path = System/Library/Frameworks/Cocoa.framework; sourceTree = SDKROOT; };
		889BF859146911910082640F /* AppKit.framework */ = {isa = PBXFileReference; lastKnownFileType = wrapper.framework; name = AppKit.framework; path = System/Library/Frameworks/AppKit.framework; sourceTree = SDKROOT; };
		889BF85A146911910082640F /* CoreData.framework */ = {isa = PBXFileReference; lastKnownFileType = wrapper.framework; name = CoreData.framework; path = System/Library/Frameworks/CoreData.framework; sourceTree = SDKROOT; };
		889BF85B146911910082640F /* Foundation.framework */ = {isa = PBXFileReference; lastKnownFileType = wrapper.framework; name = Foundation.framework; path = System/Library/Frameworks/Foundation.framework; sourceTree = SDKROOT; };
		889BF85E146911910082640F /* rvot-app3-Info.plist */ = {isa = PBXFileReference; path = "rvot-app3-Info.plist"; sourceTree = "<group>"; };
		889BF860146911910082640F /* en */ = {isa = PBXFileReference; lastKnownFileType = text.plist.strings; name = en; path = en.lproj/InfoPlist.strings; sourceTree = "<group>"; };
		889BF862146911910082640F /* main.m */ = {isa = PBXFileReference; lastKnownFileType = sourcecode.c.objc; path = main.m; sourceTree = "<group>"; };
		889BF864146911910082640F /* rvot-app3-Prefix.pch */ = {isa = PBXFileReference; path = "rvot-app3-Prefix.pch"; sourceTree = "<group>"; };
		889BF866146911910082640F /* en */ = {isa = PBXFileReference; lastKnownFileType = text.rtf; name = en; path = en.lproj/Credits.rtf; sourceTree = "<group>"; };
		889BF868146911910082640F /* RVAppDelegate.h */ = {isa = PBXFileReference; path = RVAppDelegate.h; sourceTree = "<group>"; };
		889BF869146911910082640F /* RVAppDelegate.m */ = {isa = PBXFileReference; lastKnownFileType = sourcecode.c.objc; path = RVAppDelegate.m; sourceTree = "<group>"; };
		889BF86C146911910082640F /* en */ = {isa = PBXFileReference; lastKnownFileType = file.xib; name = en; path = en.lproj/MainMenu.xib; sourceTree = "<group>"; };
		889BF86F146911910082640F /* rvot_app3.xcdatamodel */ = {isa = PBXFileReference; lastKnownFileType = wrapper.xcdatamodel; path = rvot_app3.xcdatamodel; sourceTree = "<group>"; };
/* End PBXFileReference section */

/* Begin PBXFrameworksBuildPhase section */
		889BF84F146911910082640F /* Frameworks */ = {
			isa = PBXFrameworksBuildPhase;
			buildActionMask = 2147483647;
			files = (
				889BF857146911910082640F /* Cocoa.framework in Frameworks */,
			);
			runOnlyForDeploymentPostprocessing = 0;
		};
/* End PBXFrameworksBuildPhase section */

/* Begin PBXGroup section */
		889BF847146911900082640F = {
			isa = PBXGroup;
			children = (
				889BF85C146911910082640F /* rvot-app3 */,
				889BF855146911910082640F /* Frameworks */,
				889BF853146911910082640F /* Products */,
			);
			sourceTree = "<group>";
		};
		889BF853146911910082640F /* Products */ = {
			isa = PBXGroup;
			children = (
				889BF852146911910082640F /* rvot-app3.app */,
			);
			name = Products;
			sourceTree = "<group>";
		};
		889BF855146911910082640F /* Frameworks */ = {
			isa = PBXGroup;
			children = (
				889BF856146911910082640F /* Cocoa.framework */,
				889BF858146911910082640F /* Other Frameworks */,
			);
			name = Frameworks;
			sourceTree = "<group>";
		};
		889BF858146911910082640F /* Other Frameworks */ = {
			isa = PBXGroup;
			children = (
				889BF859146911910082640F /* AppKit.framework */,
				889BF85A146911910082640F /* CoreData.framework */,
				889BF85B146911910082640F /* Foundation.framework */,
			);
			name = "Other Frameworks";
			sourceTree = "<group>";
		};
		889BF85C146911910082640F /* rvot-app3 */ = {
			isa = PBXGroup;
			children = (
				889BF868146911910082640F /* RVAppDelegate.h */,
				889BF869146911910082640F /* RVAppDelegate.m */,
				889BF86B146911910082640F /* MainMenu.xib */,
				889BF86E146911910082640F /* rvot_app3.xcdatamodeld */,
				889BF85D146911910082640F /* Supporting Files */,
			);
			path = "rvot-app3";
			sourceTree = "<group>";
		};
		889BF85D146911910082640F /* Supporting Files */ = {
			isa = PBXGroup;
			children = (
				889BF85E146911910082640F /* rvot-app3-Info.plist */,
				889BF85F146911910082640F /* InfoPlist.strings */,
				889BF862146911910082640F /* main.m */,
				889BF864146911910082640F /* rvot-app3-Prefix.pch */,
				889BF865146911910082640F /* Credits.rtf */,
			);
			name = "Supporting Files";
			sourceTree = "<group>";
		};
/* End PBXGroup section */

/* Begin PBXNativeTarget section */
		889BF851146911910082640F /* rvot-app3 */ = {
			isa = PBXNativeTarget;
			buildConfigurationList = 889BF873146911910082640F /* Build configuration list for PBXNativeTarget "rvot-app3" */;
			buildPhases = (
				889BF84E146911910082640F /* Sources */,
				889BF84F146911910082640F /* Frameworks */,
				889BF850146911910082640F /* Resources */,
			);
			buildRules = (
			);
			dependencies = (
			);
			name = "rvot-app3";
			productName = "rvot-app3";
			productReference = 889BF852146911910082640F /* rvot-app3.app */;
			productType = "com.apple.product-type.application";
		};
/* End PBXNativeTarget section */

/* Begin PBXProject section */
		889BF849146911900082640F /* Project object */ = {
			isa = PBXProject;
			attributes = {
				LastUpgradeCheck = 0420;
				ORGANIZATIONNAME = UPC;
			};
			buildConfigurationList = 889BF84C146911900082640F /* Build configuration list for PBXProject "rvot-app3" */;
			compatibilityVersion = "Xcode 3.2";
			developmentRegion = English;
			hasScannedForEncodings = 0;
			knownRegions = (
				en,
			);
			mainGroup = 889BF847146911900082640F;
			productRefGroup = 889BF853146911910082640F /* Products */;
			projectDirPath = "";
			projectRoot = "";
			targets = (
				889BF851146911910082640F /* rvot-app3 */,
			);
		};
/* End PBXProject section */

/* Begin PBXResourcesBuildPhase section */
		889BF850146911910082640F /* Resources */ = {
			isa = PBXResourcesBuildPhase;
			buildActionMask = 2147483647;
			files = (
				889BF861146911910082640F /* InfoPlist.strings in Resources */,
				889BF867146911910082640F /* Credits.rtf in Resources */,
				889BF86D146911910082640F /* MainMenu.xib in Resources */,
			);
			runOnlyForDeploymentPostprocessing = 0;
		};
/* End PBXResourcesBuildPhase section */

/* Begin PBXSourcesBuildPhase section */
		889BF84E146911910082640F /* Sources */ = {
			isa = PBXSourcesBuildPhase;
			buildActionMask = 2147483647;
			files = (
				889BF863146911910082640F /* main.m in Sources */,
				889BF86A146911910082640F /* RVAppDelegate.m in Sources */,
				889BF870146911910082640F /* rvot_app3.xcdatamodeld in Sources */,
			);
			runOnlyForDeploymentPostprocessing = 0;
		};
/* End PBXSourcesBuildPhase section */

/* Begin PBXVariantGroup section */
		889BF85F146911910082640F /* InfoPlist.strings */ = {
			isa = PBXVariantGroup;
			children = (
				889BF860146911910082640F /* en */,
			);
			name = InfoPlist.strings;
			sourceTree = "<group>";
		};
		889BF865146911910082640F /* Credits.rtf */ = {
			isa = PBXVariantGroup;
			children = (
				889BF866146911910082640F /* en */,
			);
			name = Credits.rtf;
			sourceTree = "<group>";
		};
		889BF86B146911910082640F /* MainMenu.xib */ = {
			isa = PBXVariantGroup;
			children = (
				889BF86C146911910082640F /* en */,
			);
			name = MainMenu.xib;
			sourceTree = "<group>";
		};
/* End PBXVariantGroup section */

/* Begin XCBuildConfiguration section */
		889BF871146911910082640F /* Debug */ = {
			isa = XCBuildConfiguration;
			buildSettings = {
				ALWAYS_SEARCH_USER_PATHS = NO;
				ARCHS = "$(ARCHS_STANDARD_64_BIT)";
				COPY_PHASE_STRIP = NO;
				GCC_C_LANGUAGE_STANDARD = gnu99;
				GCC_DYNAMIC_NO_PIC = NO;
				GCC_ENABLE_OBJC_EXCEPTIONS = YES;
				GCC_OPTIMIZATION_LEVEL = 0;
				GCC_PREPROCESSOR_DEFINITIONS = (
					"DEBUG=1",
					"$(inherited)",
				);
				GCC_SYMBOLS_PRIVATE_EXTERN = NO;
				GCC_VERSION = com.apple.compilers.llvm.clang.1_0;
				GCC_WARN_64_TO_32_BIT_CONVERSION = YES;
				GCC_WARN_ABOUT_MISSING_PROTOTYPES = YES;
				GCC_WARN_ABOUT_RETURN_TYPE = YES;
				GCC_WARN_UNUSED_VARIABLE = YES;
				MACOSX_DEPLOYMENT_TARGET = 10.7;
				ONLY_ACTIVE_ARCH = YES;
				SDKROOT = macosx;
			};
			name = Debug;
		};
		889BF872146911910082640F /* Release */ = {
			isa = XCBuildConfiguration;
			buildSettings = {
				ALWAYS_SEARCH_USER_PATHS = NO;
				ARCHS = "$(ARCHS_STANDARD_64_BIT)";
				COPY_PHASE_STRIP = YES;
				DEBUG_INFORMATION_FORMAT = "dwarf-with-dsym";
				GCC_C_LANGUAGE_STANDARD = gnu99;
				GCC_ENABLE_OBJC_EXCEPTIONS = YES;
				GCC_VERSION = com.apple.compilers.llvm.clang.1_0;
				GCC_WARN_64_TO_32_BIT_CONVERSION = YES;
				GCC_WARN_ABOUT_MISSING_PROTOTYPES = YES;
				GCC_WARN_ABOUT_RETURN_TYPE = YES;
				GCC_WARN_UNUSED_VARIABLE = YES;
				MACOSX_DEPLOYMENT_TARGET = 10.7;
				SDKROOT = macosx;
			};
			name = Release;
		};
		889BF874146911910082640F /* Debug */ = {
			isa = XCBuildConfiguration;
			buildSettings = {
				GCC_PRECOMPILE_PREFIX_HEADER = YES;
				GCC_PREFIX_HEADER = "rvot-app3/rvot-app3-Prefix.pch";
				INFOPLIST_FILE = "rvot-app3/rvot-app3-Info.plist";
				PRODUCT_NAME = "$(TARGET_NAME)";
				WRAPPER_EXTENSION = app;
			};
			name = Debug;
		};
		889BF875146911910082640F /* Release */ = {
			isa = XCBuildConfiguration;
			buildSettings = {
				GCC_PRECOMPILE_PREFIX_HEADER = YES;
				GCC_PREFIX_HEADER = "rvot-app3/rvot-app3-Prefix.pch";
				INFOPLIST_FILE = "rvot-app3/rvot-app3-Info.plist";
				PRODUCT_NAME = "$(TARGET_NAME)";
				WRAPPER_EXTENSION = app;
			};
			name = Release;
		};
/* End XCBuildConfiguration section */

/* Begin XCConfigurationList section */
		889BF84C146911900082640F /* Build configuration list for PBXProject "rvot-app3" */ = {
			isa = XCConfigurationList;
			buildConfigurations = (
				889BF871146911910082640F /* Debug */,
				889BF872146911910082640F /* Release */,
			);
			defaultConfigurationIsVisible = 0;
			defaultConfigurationName = Release;
		};
		889BF873146911910082640F /* Build configuration list for PBXNativeTarget "rvot-app3" */ = {
			isa = XCConfigurationList;
			buildConfigurations = (
				889BF874146911910082640F /* Debug */,
				889BF875146911910082640F /* Release */,
			);
			defaultConfigurationIsVisible = 0;
		};
/* End XCConfigurationList section */

/* Begin XCVersionGroup section */
		889BF86E146911910082640F /* rvot_app3.xcdatamodeld */ = {
			isa = XCVersionGroup;
			children = (
				889BF86F146911910082640F /* rvot_app3.xcdatamodel */,
			);
			currentVersion = 889BF86F146911910082640F /* rvot_app3.xcdatamodel */;
			path = rvot_app3.xcdatamodeld;
			sourceTree = "<group>";
			versionGroupType = wrapper.xcdatamodel;
		};
/* End XCVersionGroup section */
	};
	rootObject = 889BF849146911900082640F /* Project object */;
}
